// !$*UTF8*$!
{
	archiveVersion = 1;
	classes = {
	};
	objectVersion = 46;
	objects = {

/* Begin PBXBuildFile section */
		878299D31B33A95E003086D8 /* AppDelegate.swift in Sources */ = {isa = PBXBuildFile; fileRef = 878299D21B33A95E003086D8 /* AppDelegate.swift */; };
		878299D51B33A95E003086D8 /* ViewController.swift in Sources */ = {isa = PBXBuildFile; fileRef = 878299D41B33A95E003086D8 /* ViewController.swift */; };
		878299D81B33A95E003086D8 /* Main.storyboard in Resources */ = {isa = PBXBuildFile; fileRef = 878299D61B33A95E003086D8 /* Main.storyboard */; };
		878299DA1B33A95E003086D8 /* Images.xcassets in Resources */ = {isa = PBXBuildFile; fileRef = 878299D91B33A95E003086D8 /* Images.xcassets */; };
		878299DD1B33A95E003086D8 /* LaunchScreen.xib in Resources */ = {isa = PBXBuildFile; fileRef = 878299DB1B33A95E003086D8 /* LaunchScreen.xib */; };
		878299E91B33A95E003086D8 /* SnowAdScrollViewSwiftTests.swift in Sources */ = {isa = PBXBuildFile; fileRef = 878299E81B33A95E003086D8 /* SnowAdScrollViewSwiftTests.swift */; };
		878299F41B33AA6E003086D8 /* SnowAdScrollView.swift in Sources */ = {isa = PBXBuildFile; fileRef = 878299F31B33AA6E003086D8 /* SnowAdScrollView.swift */; };
/* End PBXBuildFile section */

/* Begin PBXContainerItemProxy section */
		878299E31B33A95E003086D8 /* PBXContainerItemProxy */ = {
			isa = PBXContainerItemProxy;
			containerPortal = 878299C51B33A95E003086D8 /* Project object */;
			proxyType = 1;
			remoteGlobalIDString = 878299CC1B33A95E003086D8;
			remoteInfo = SnowAdScrollViewSwift;
		};
/* End PBXContainerItemProxy section */

/* Begin PBXFileReference section */
		878299CD1B33A95E003086D8 /* SnowAdScrollViewSwift.app */ = {isa = PBXFileReference; explicitFileType = wrapper.application; includeInIndex = 0; path = SnowAdScrollViewSwift.app; sourceTree = BUILT_PRODUCTS_DIR; };
		878299D11B33A95E003086D8 /* Info.plist */ = {isa = PBXFileReference; lastKnownFileType = text.plist.xml; path = Info.plist; sourceTree = "<group>"; };
		878299D21B33A95E003086D8 /* AppDelegate.swift */ = {isa = PBXFileReference; lastKnownFileType = sourcecode.swift; path = AppDelegate.swift; sourceTree = "<group>"; };
		878299D41B33A95E003086D8 /* ViewController.swift */ = {isa = PBXFileReference; lastKnownFileType = sourcecode.swift; path = ViewController.swift; sourceTree = "<group>"; };
		878299D71B33A95E003086D8 /* Base */ = {isa = PBXFileReference; lastKnownFileType = file.storyboard; name = Base; path = Base.lproj/Main.storyboard; sourceTree = "<group>"; };
		878299D91B33A95E003086D8 /* Images.xcassets */ = {isa = PBXFileReference; lastKnownFileType = folder.assetcatalog; path = Images.xcassets; sourceTree = "<group>"; };
		878299DC1B33A95E003086D8 /* Base */ = {isa = PBXFileReference; lastKnownFileType = file.xib; name = Base; path = Base.lproj/LaunchScreen.xib; sourceTree = "<group>"; };
		878299E21B33A95E003086D8 /* SnowAdScrollViewSwiftTests.xctest */ = {isa = PBXFileReference; explicitFileType = wrapper.cfbundle; includeInIndex = 0; path = SnowAdScrollViewSwiftTests.xctest; sourceTree = BUILT_PRODUCTS_DIR; };
		878299E71B33A95E003086D8 /* Info.plist */ = {isa = PBXFileReference; lastKnownFileType = text.plist.xml; path = Info.plist; sourceTree = "<group>"; };
		878299E81B33A95E003086D8 /* SnowAdScrollViewSwiftTests.swift */ = {isa = PBXFileReference; lastKnownFileType = sourcecode.swift; path = SnowAdScrollViewSwiftTests.swift; sourceTree = "<group>"; };
		878299F31B33AA6E003086D8 /* SnowAdScrollView.swift */ = {isa = PBXFileReference; fileEncoding = 4; lastKnownFileType = sourcecode.swift; path = SnowAdScrollView.swift; sourceTree = "<group>"; };
/* End PBXFileReference section */

/* Begin PBXFrameworksBuildPhase section */
		878299CA1B33A95E003086D8 /* Frameworks */ = {
			isa = PBXFrameworksBuildPhase;
			buildActionMask = 2147483647;
			files = (
			);
			runOnlyForDeploymentPostprocessing = 0;
		};
		878299DF1B33A95E003086D8 /* Frameworks */ = {
			isa = PBXFrameworksBuildPhase;
			buildActionMask = 2147483647;
			files = (
			);
			runOnlyForDeploymentPostprocessing = 0;
		};
/* End PBXFrameworksBuildPhase section */

/* Begin PBXGroup section */
		878299C41B33A95E003086D8 = {
			isa = PBXGroup;
			children = (
				878299CF1B33A95E003086D8 /* SnowAdScrollViewSwift */,
				878299E51B33A95E003086D8 /* SnowAdScrollViewSwiftTests */,
				878299CE1B33A95E003086D8 /* Products */,
			);
			sourceTree = "<group>";
		};
		878299CE1B33A95E003086D8 /* Products */ = {
			isa = PBXGroup;
			children = (
				878299CD1B33A95E003086D8 /* SnowAdScrollViewSwift.app */,
				878299E21B33A95E003086D8 /* SnowAdScrollViewSwiftTests.xctest */,
			);
			name = Products;
			sourceTree = "<group>";
		};
		878299CF1B33A95E003086D8 /* SnowAdScrollViewSwift */ = {
			isa = PBXGroup;
			children = (
				878299F31B33AA6E003086D8 /* SnowAdScrollView.swift */,
				878299F21B33AA19003086D8 /* example */,
			);
			path = SnowAdScrollViewSwift;
			sourceTree = "<group>";
		};
		878299D01B33A95E003086D8 /* Supporting Files */ = {
			isa = PBXGroup;
			children = (
				878299D11B33A95E003086D8 /* Info.plist */,
			);
			name = "Supporting Files";
			sourceTree = "<group>";
		};
		878299E51B33A95E003086D8 /* SnowAdScrollViewSwiftTests */ = {
			isa = PBXGroup;
			children = (
				878299E81B33A95E003086D8 /* SnowAdScrollViewSwiftTests.swift */,
				878299E61B33A95E003086D8 /* Supporting Files */,
			);
			path = SnowAdScrollViewSwiftTests;
			sourceTree = "<group>";
		};
		878299E61B33A95E003086D8 /* Supporting Files */ = {
			isa = PBXGroup;
			children = (
				878299E71B33A95E003086D8 /* Info.plist */,
			);
			name = "Supporting Files";
			sourceTree = "<group>";
		};
		878299F21B33AA19003086D8 /* example */ = {
			isa = PBXGroup;
			children = (
				878299D21B33A95E003086D8 /* AppDelegate.swift */,
				878299D41B33A95E003086D8 /* ViewController.swift */,
				878299D61B33A95E003086D8 /* Main.storyboard */,
				878299D91B33A95E003086D8 /* Images.xcassets */,
				878299DB1B33A95E003086D8 /* LaunchScreen.xib */,
				878299D01B33A95E003086D8 /* Supporting Files */,
			);
			name = example;
			sourceTree = "<group>";
		};
/* End PBXGroup section */

/* Begin PBXNativeTarget section */
		878299CC1B33A95E003086D8 /* SnowAdScrollViewSwift */ = {
			isa = PBXNativeTarget;
			buildConfigurationList = 878299EC1B33A95E003086D8 /* Build configuration list for PBXNativeTarget "SnowAdScrollViewSwift" */;
			buildPhases = (
				878299C91B33A95E003086D8 /* Sources */,
				878299CA1B33A95E003086D8 /* Frameworks */,
				878299CB1B33A95E003086D8 /* Resources */,
			);
			buildRules = (
			);
			dependencies = (
			);
			name = SnowAdScrollViewSwift;
			productName = SnowAdScrollViewSwift;
			productReference = 878299CD1B33A95E003086D8 /* SnowAdScrollViewSwift.app */;
			productType = "com.apple.product-type.application";
		};
		878299E11B33A95E003086D8 /* SnowAdScrollViewSwiftTests */ = {
			isa = PBXNativeTarget;
			buildConfigurationList = 878299EF1B33A95E003086D8 /* Build configuration list for PBXNativeTarget "SnowAdScrollViewSwiftTests" */;
			buildPhases = (
				878299DE1B33A95E003086D8 /* Sources */,
				878299DF1B33A95E003086D8 /* Frameworks */,
				878299E01B33A95E003086D8 /* Resources */,
			);
			buildRules = (
			);
			dependencies = (
				878299E41B33A95E003086D8 /* PBXTargetDependency */,
			);
			name = SnowAdScrollViewSwiftTests;
			productName = SnowAdScrollViewSwiftTests;
			productReference = 878299E21B33A95E003086D8 /* SnowAdScrollViewSwiftTests.xctest */;
			productType = "com.apple.product-type.bundle.unit-test";
		};
/* End PBXNativeTarget section */

/* Begin PBXProject section */
		878299C51B33A95E003086D8 /* Project object */ = {
			isa = PBXProject;
			attributes = {
				LastUpgradeCheck = 0630;
				ORGANIZATIONNAME = Snow;
				TargetAttributes = {
					878299CC1B33A95E003086D8 = {
						CreatedOnToolsVersion = 6.3.1;
					};
					878299E11B33A95E003086D8 = {
						CreatedOnToolsVersion = 6.3.1;
						TestTargetID = 878299CC1B33A95E003086D8;
					};
				};
			};
			buildConfigurationList = 878299C81B33A95E003086D8 /* Build configuration list for PBXProject "SnowAdScrollViewSwift" */;
			compatibilityVersion = "Xcode 3.2";
			developmentRegion = English;
			hasScannedForEncodings = 0;
			knownRegions = (
				en,
				Base,
			);
			mainGroup = 878299C41B33A95E003086D8;
			productRefGroup = 878299CE1B33A95E003086D8 /* Products */;
			projectDirPath = "";
			projectRoot = "";
			targets = (
				878299CC1B33A95E003086D8 /* SnowAdScrollViewSwift */,
				878299E11B33A95E003086D8 /* SnowAdScrollViewSwiftTests */,
			);
		};
/* End PBXProject section */

/* Begin PBXResourcesBuildPhase section */
		878299CB1B33A95E003086D8 /* Resources */ = {
			isa = PBXResourcesBuildPhase;
			buildActionMask = 2147483647;
			files = (
				878299D81B33A95E003086D8 /* Main.storyboard in Resources */,
				878299DD1B33A95E003086D8 /* LaunchScreen.xib in Resources */,
				878299DA1B33A95E003086D8 /* Images.xcassets in Resources */,
			);
			runOnlyForDeploymentPostprocessing = 0;
		};
		878299E01B33A95E003086D8 /* Resources */ = {
			isa = PBXResourcesBuildPhase;
			buildActionMask = 2147483647;
			files = (
			);
			runOnlyForDeploymentPostprocessing = 0;
		};
/* End PBXResourcesBuildPhase section */

/* Begin PBXSourcesBuildPhase section */
		878299C91B33A95E003086D8 /* Sources */ = {
			isa = PBXSourcesBuildPhase;
			buildActionMask = 2147483647;
			files = (
				878299D51B33A95E003086D8 /* ViewController.swift in Sources */,
				878299F41B33AA6E003086D8 /* SnowAdScrollView.swift in Sources */,
				878299D31B33A95E003086D8 /* AppDelegate.swift in Sources */,
			);
			runOnlyForDeploymentPostprocessing = 0;
		};
		878299DE1B33A95E003086D8 /* Sources */ = {
			isa = PBXSourcesBuildPhase;
			buildActionMask = 2147483647;
			files = (
				878299E91B33A95E003086D8 /* SnowAdScrollViewSwiftTests.swift in Sources */,
			);
			runOnlyForDeploymentPostprocessing = 0;
		};
/* End PBXSourcesBuildPhase section */

/* Begin PBXTargetDependency section */
		878299E41B33A95E003086D8 /* PBXTargetDependency */ = {
			isa = PBXTargetDependency;
			target = 878299CC1B33A95E003086D8 /* SnowAdScrollViewSwift */;
			targetProxy = 878299E31B33A95E003086D8 /* PBXContainerItemProxy */;
		};
/* End PBXTargetDependency section */

/* Begin PBXVariantGroup section */
		878299D61B33A95E003086D8 /* Main.storyboard */ = {
			isa = PBXVariantGroup;
			children = (
				878299D71B33A95E003086D8 /* Base */,
			);
			name = Main.storyboard;
			sourceTree = "<group>";
		};
		878299DB1B33A95E003086D8 /* LaunchScreen.xib */ = {
			isa = PBXVariantGroup;
			children = (
				878299DC1B33A95E003086D8 /* Base */,
			);
			name = LaunchScreen.xib;
			sourceTree = "<group>";
		};
/* End PBXVariantGroup section */

/* Begin XCBuildConfiguration section */
		878299EA1B33A95E003086D8 /* Debug */ = {
			isa = XCBuildConfiguration;
			buildSettings = {
				ALWAYS_SEARCH_USER_PATHS = NO;
				CLANG_CXX_LANGUAGE_STANDARD = "gnu++0x";
				CLANG_CXX_LIBRARY = "libc++";
				CLANG_ENABLE_MODULES = YES;
				CLANG_ENABLE_OBJC_ARC = YES;
				CLANG_WARN_BOOL_CONVERSION = YES;
				CLANG_WARN_CONSTANT_CONVERSION = YES;
				CLANG_WARN_DIRECT_OBJC_ISA_USAGE = YES_ERROR;
				CLANG_WARN_EMPTY_BODY = YES;
				CLANG_WARN_ENUM_CONVERSION = YES;
				CLANG_WARN_INT_CONVERSION = YES;
				CLANG_WARN_OBJC_ROOT_CLASS = YES_ERROR;
				CLANG_WARN_UNREACHABLE_CODE = YES;
				CLANG_WARN__DUPLICATE_METHOD_MATCH = YES;
				"CODE_SIGN_IDENTITY[sdk=iphoneos*]" = "iPhone Developer";
				COPY_PHASE_STRIP = NO;
				DEBUG_INFORMATION_FORMAT = "dwarf-with-dsym";
				ENABLE_STRICT_OBJC_MSGSEND = YES;
				GCC_C_LANGUAGE_STANDARD = gnu99;
				GCC_DYNAMIC_NO_PIC = NO;
				GCC_NO_COMMON_BLOCKS = YES;
				GCC_OPTIMIZATION_LEVEL = 0;
				GCC_PREPROCESSOR_DEFINITIONS = (
					"DEBUG=1",
					"$(inherited)",
				);
				GCC_SYMBOLS_PRIVATE_EXTERN = NO;
				GCC_WARN_64_TO_32_BIT_CONVERSION = YES;
				GCC_WARN_ABOUT_RETURN_TYPE = YES_ERROR;
				GCC_WARN_UNDECLARED_SELECTOR = YES;
				GCC_WARN_UNINITIALIZED_AUTOS = YES_AGGRESSIVE;
				GCC_WARN_UNUSED_FUNCTION = YES;
				GCC_WARN_UNUSED_VARIABLE = YES;
				IPHONEOS_DEPLOYMENT_TARGET = 8.3;
				MTL_ENABLE_DEBUG_INFO = YES;
				ONLY_ACTIVE_ARCH = YES;
				SDKROOT = iphoneos;
				SWIFT_OPTIMIZATION_LEVEL = "-Onone";
				TARGETED_DEVICE_FAMILY = "1,2";
			};
			name = Debug;
		};
		878299EB1B33A95E003086D8 /* Release */ = {
			isa = XCBuildConfiguration;
			buildSettings = {
				ALWAYS_SEARCH_USER_PATHS = NO;
				CLANG_CXX_LANGUAGE_STANDARD = "gnu++0x";
				CLANG_CXX_LIBRARY = "libc++";
				CLANG_ENABLE_MODULES = YES;
				CLANG_ENABLE_OBJC_ARC = YES;
				CLANG_WARN_BOOL_CONVERSION = YES;
				CLANG_WARN_CONSTANT_CONVERSION = YES;
				CLANG_WARN_DIRECT_OBJC_ISA_USAGE = YES_ERROR;
				CLANG_WARN_EMPTY_BODY = YES;
				CLANG_WARN_ENUM_CONVERSION = YES;
				CLANG_WARN_INT_CONVERSION = YES;
				CLANG_WARN_OBJC_ROOT_CLASS = YES_ERROR;
				CLANG_WARN_UNREACHABLE_CODE = YES;
				CLANG_WARN__DUPLICATE_METHOD_MATCH = YES;
				"CODE_SIGN_IDENTITY[sdk=iphoneos*]" = "iPhone Developer";
				COPY_PHASE_STRIP = NO;
				DEBUG_INFORMATION_FORMAT = "dwarf-with-dsym";
				ENABLE_NS_ASSERTIONS = NO;
				ENABLE_STRICT_OBJC_MSGSEND = YES;
				GCC_C_LANGUAGE_STANDARD = gnu99;
				GCC_NO_COMMON_BLOCKS = YES;
				GCC_WARN_64_TO_32_BIT_CONVERSION = YES;
				GCC_WARN_ABOUT_RETURN_TYPE = YES_ERROR;
				GCC_WARN_UNDECLARED_SELECTOR = YES;
				GCC_WARN_UNINITIALIZED_AUTOS = YES_AGGRESSIVE;
				GCC_WARN_UNUSED_FUNCTION = YES;
				GCC_WARN_UNUSED_VARIABLE = YES;
				IPHONEOS_DEPLOYMENT_TARGET = 8.3;
				MTL_ENABLE_DEBUG_INFO = NO;
				SDKROOT = iphoneos;
				TARGETED_DEVICE_FAMILY = "1,2";
				VALIDATE_PRODUCT = YES;
			};
			name = Release;
		};
		878299ED1B33A95E003086D8 /* Debug */ = {
			isa = XCBuildConfiguration;
			buildSettings = {
				ASSETCATALOG_COMPILER_APPICON_NAME = AppIcon;
				INFOPLIST_FILE = SnowAdScrollViewSwift/Info.plist;
				LD_RUNPATH_SEARCH_PATHS = "$(inherited) @executable_path/Frameworks";
				PRODUCT_NAME = "$(TARGET_NAME)";
			};
			name = Debug;
		};
		878299EE1B33A95E003086D8 /* Release */ = {
			isa = XCBuildConfiguration;
			buildSettings = {
				ASSETCATALOG_COMPILER_APPICON_NAME = AppIcon;
				INFOPLIST_FILE = SnowAdScrollViewSwift/Info.plist;
				LD_RUNPATH_SEARCH_PATHS = "$(inherited) @executable_path/Frameworks";
				PRODUCT_NAME = "$(TARGET_NAME)";
			};
			name = Release;
		};
		878299F01B33A95E003086D8 /* Debug */ = {
			isa = XCBuildConfiguration;
			buildSettings = {
				BUNDLE_LOADER = "$(TEST_HOST)";
				FRAMEWORK_SEARCH_PATHS = (
					"$(SDKROOT)/Developer/Library/Frameworks",
					"$(inherited)",
				);
				GCC_PREPROCESSOR_DEFINITIONS = (
					"DEBUG=1",
					"$(inherited)",
				);
				INFOPLIST_FILE = SnowAdScrollViewSwiftTests/Info.plist;
				LD_RUNPATH_SEARCH_PATHS = "$(inherited) @executable_path/Frameworks @loader_path/Frameworks";
				PRODUCT_NAME = "$(TARGET_NAME)";
				TEST_HOST = "$(BUILT_PRODUCTS_DIR)/SnowAdScrollViewSwift.app/SnowAdScrollViewSwift";
			};
			name = Debug;
		};
		878299F11B33A95E003086D8 /* Release */ = {
			isa = XCBuildConfiguration;
			buildSettings = {
				BUNDLE_LOADER = "$(TEST_HOST)";
				FRAMEWORK_SEARCH_PATHS = (
					"$(SDKROOT)/Developer/Library/Frameworks",
					"$(inherited)",
				);
				INFOPLIST_FILE = SnowAdScrollViewSwiftTests/Info.plist;
				LD_RUNPATH_SEARCH_PATHS = "$(inherited) @executable_path/Frameworks @loader_path/Frameworks";
				PRODUCT_NAME = "$(TARGET_NAME)";
				TEST_HOST = "$(BUILT_PRODUCTS_DIR)/SnowAdScrollViewSwift.app/SnowAdScrollViewSwift";
			};
			name = Release;
		};
/* End XCBuildConfiguration section */

/* Begin XCConfigurationList section */
		878299C81B33A95E003086D8 /* Build configuration list for PBXProject "SnowAdScrollViewSwift" */ = {
			isa = XCConfigurationList;
			buildConfigurations = (
				878299EA1B33A95E003086D8 /* Debug */,
				878299EB1B33A95E003086D8 /* Release */,
			);
			defaultConfigurationIsVisible = 0;
			defaultConfigurationName = Release;
		};
		878299EC1B33A95E003086D8 /* Build configuration list for PBXNativeTarget "SnowAdScrollViewSwift" */ = {
			isa = XCConfigurationList;
			buildConfigurations = (
				878299ED1B33A95E003086D8 /* Debug */,
				878299EE1B33A95E003086D8 /* Release */,
			);
			defaultConfigurationIsVisible = 0;
		};
		878299EF1B33A95E003086D8 /* Build configuration list for PBXNativeTarget "SnowAdScrollViewSwiftTests" */ = {
			isa = XCConfigurationList;
			buildConfigurations = (
				878299F01B33A95E003086D8 /* Debug */,
				878299F11B33A95E003086D8 /* Release */,
			);
			defaultConfigurationIsVisible = 0;
		};
/* End XCConfigurationList section */
	};
	rootObject = 878299C51B33A95E003086D8 /* Project object */;
}
